
Microsoft Visual Studio Solution File, Format Version 12.00
# Visual Studio Version 17
VisualStudioVersion = 17.0.31903.59
MinimumVisualStudioVersion = 10.0.40219.1
Project("{2150E333-8FDC-42A3-9474-1A3956D46DE8}") = "src", "src", "{827E0CD3-B72D-47B6-A68D-7590B98EB39B}"
EndProject
Project("{FAE04EC0-301F-11D3-BF4B-00C04F79EFBC}") = "WpfToAvalonia.Core", "src\WpfToAvalonia.Core\WpfToAvalonia.Core.csproj", "{3553AEC6-F2C9-488A-B2B0-1BB638AC5068}"
EndProject
Project("{FAE04EC0-301F-11D3-BF4B-00C04F79EFBC}") = "WpfToAvalonia.Analyzers", "src\WpfToAvalonia.Analyzers\WpfToAvalonia.Analyzers.csproj", "{98A160DB-8F90-4ADE-BDB6-1F6A56FBDF0C}"
EndProject
Project("{FAE04EC0-301F-11D3-BF4B-00C04F79EFBC}") = "WpfToAvalonia.Mappings", "src\WpfToAvalonia.Mappings\WpfToAvalonia.Mappings.csproj", "{9BEB837D-4B3F-4790-9C5C-508FB36B3587}"
EndProject
Project("{FAE04EC0-301F-11D3-BF4B-00C04F79EFBC}") = "WpfToAvalonia.CLI", "src\WpfToAvalonia.CLI\WpfToAvalonia.CLI.csproj", "{F18303B3-2807-4583-88AA-3FDCF412ED0F}"
EndProject
Project("{2150E333-8FDC-42A3-9474-1A3956D46DE8}") = "tests", "tests", "{0AB3BF05-4346-4AA6-1389-037BE0695223}"
EndProject
Project("{FAE04EC0-301F-11D3-BF4B-00C04F79EFBC}") = "WpfToAvalonia.Tests", "tests\WpfToAvalonia.Tests\WpfToAvalonia.Tests.csproj", "{9D873DC2-8FCE-4652-A090-816039AC0C9B}"
EndProject
Project("{FAE04EC0-301F-11D3-BF4B-00C04F79EFBC}") = "WpfToAvalonia.XamlParser", "src\WpfToAvalonia.XamlParser\WpfToAvalonia.XamlParser.csproj", "{4C0F5617-E62C-4097-B7AF-4775D966EDF5}"
EndProject
Project("{FAE04EC0-301F-11D3-BF4B-00C04F79EFBC}") = "WpfToAvalonia.Playground", "src\WpfToAvalonia.Playground\WpfToAvalonia.Playground.csproj", "{C5063214-E7AB-4D79-AD50-43D9ACFD6D2A}"
EndProject
Global
	GlobalSection(SolutionConfigurationPlatforms) = preSolution
		Debug|Any CPU = Debug|Any CPU
		Debug|x64 = Debug|x64
		Debug|x86 = Debug|x86
		Release|Any CPU = Release|Any CPU
		Release|x64 = Release|x64
		Release|x86 = Release|x86
	EndGlobalSection
	GlobalSection(ProjectConfigurationPlatforms) = postSolution
		{3553AEC6-F2C9-488A-B2B0-1BB638AC5068}.Debug|Any CPU.ActiveCfg = Debug|Any CPU
		{3553AEC6-F2C9-488A-B2B0-1BB638AC5068}.Debug|Any CPU.Build.0 = Debug|Any CPU
		{3553AEC6-F2C9-488A-B2B0-1BB638AC5068}.Debug|x64.ActiveCfg = Debug|Any CPU
		{3553AEC6-F2C9-488A-B2B0-1BB638AC5068}.Debug|x64.Build.0 = Debug|Any CPU
		{3553AEC6-F2C9-488A-B2B0-1BB638AC5068}.Debug|x86.ActiveCfg = Debug|Any CPU
		{3553AEC6-F2C9-488A-B2B0-1BB638AC5068}.Debug|x86.Build.0 = Debug|Any CPU
		{3553AEC6-F2C9-488A-B2B0-1BB638AC5068}.Release|Any CPU.ActiveCfg = Release|Any CPU
		{3553AEC6-F2C9-488A-B2B0-1BB638AC5068}.Release|Any CPU.Build.0 = Release|Any CPU
		{3553AEC6-F2C9-488A-B2B0-1BB638AC5068}.Release|x64.ActiveCfg = Release|Any CPU
		{3553AEC6-F2C9-488A-B2B0-1BB638AC5068}.Release|x64.Build.0 = Release|Any CPU
		{3553AEC6-F2C9-488A-B2B0-1BB638AC5068}.Release|x86.ActiveCfg = Release|Any CPU
		{3553AEC6-F2C9-488A-B2B0-1BB638AC5068}.Release|x86.Build.0 = Release|Any CPU
		{98A160DB-8F90-4ADE-BDB6-1F6A56FBDF0C}.Debug|Any CPU.ActiveCfg = Debug|Any CPU
		{98A160DB-8F90-4ADE-BDB6-1F6A56FBDF0C}.Debug|Any CPU.Build.0 = Debug|Any CPU
		{98A160DB-8F90-4ADE-BDB6-1F6A56FBDF0C}.Debug|x64.ActiveCfg = Debug|Any CPU
		{98A160DB-8F90-4ADE-BDB6-1F6A56FBDF0C}.Debug|x64.Build.0 = Debug|Any CPU
		{98A160DB-8F90-4ADE-BDB6-1F6A56FBDF0C}.Debug|x86.ActiveCfg = Debug|Any CPU
		{98A160DB-8F90-4ADE-BDB6-1F6A56FBDF0C}.Debug|x86.Build.0 = Debug|Any CPU
		{98A160DB-8F90-4ADE-BDB6-1F6A56FBDF0C}.Release|Any CPU.ActiveCfg = Release|Any CPU
		{98A160DB-8F90-4ADE-BDB6-1F6A56FBDF0C}.Release|Any CPU.Build.0 = Release|Any CPU
		{98A160DB-8F90-4ADE-BDB6-1F6A56FBDF0C}.Release|x64.ActiveCfg = Release|Any CPU
		{98A160DB-8F90-4ADE-BDB6-1F6A56FBDF0C}.Release|x64.Build.0 = Release|Any CPU
		{98A160DB-8F90-4ADE-BDB6-1F6A56FBDF0C}.Release|x86.ActiveCfg = Release|Any CPU
		{98A160DB-8F90-4ADE-BDB6-1F6A56FBDF0C}.Release|x86.Build.0 = Release|Any CPU
		{9BEB837D-4B3F-4790-9C5C-508FB36B3587}.Debug|Any CPU.ActiveCfg = Debug|Any CPU
		{9BEB837D-4B3F-4790-9C5C-508FB36B3587}.Debug|Any CPU.Build.0 = Debug|Any CPU
		{9BEB837D-4B3F-4790-9C5C-508FB36B3587}.Debug|x64.ActiveCfg = Debug|Any CPU
		{9BEB837D-4B3F-4790-9C5C-508FB36B3587}.Debug|x64.Build.0 = Debug|Any CPU
		{9BEB837D-4B3F-4790-9C5C-508FB36B3587}.Debug|x86.ActiveCfg = Debug|Any CPU
		{9BEB837D-4B3F-4790-9C5C-508FB36B3587}.Debug|x86.Build.0 = Debug|Any CPU
		{9BEB837D-4B3F-4790-9C5C-508FB36B3587}.Release|Any CPU.ActiveCfg = Release|Any CPU
		{9BEB837D-4B3F-4790-9C5C-508FB36B3587}.Release|Any CPU.Build.0 = Release|Any CPU
		{9BEB837D-4B3F-4790-9C5C-508FB36B3587}.Release|x64.ActiveCfg = Release|Any CPU
		{9BEB837D-4B3F-4790-9C5C-508FB36B3587}.Release|x64.Build.0 = Release|Any CPU
		{9BEB837D-4B3F-4790-9C5C-508FB36B3587}.Release|x86.ActiveCfg = Release|Any CPU
		{9BEB837D-4B3F-4790-9C5C-508FB36B3587}.Release|x86.Build.0 = Release|Any CPU
		{F18303B3-2807-4583-88AA-3FDCF412ED0F}.Debug|Any CPU.ActiveCfg = Debug|Any CPU
		{F18303B3-2807-4583-88AA-3FDCF412ED0F}.Debug|Any CPU.Build.0 = Debug|Any CPU
		{F18303B3-2807-4583-88AA-3FDCF412ED0F}.Debug|x64.ActiveCfg = Debug|Any CPU
		{F18303B3-2807-4583-88AA-3FDCF412ED0F}.Debug|x64.Build.0 = Debug|Any CPU
		{F18303B3-2807-4583-88AA-3FDCF412ED0F}.Debug|x86.ActiveCfg = Debug|Any CPU
		{F18303B3-2807-4583-88AA-3FDCF412ED0F}.Debug|x86.Build.0 = Debug|Any CPU
		{F18303B3-2807-4583-88AA-3FDCF412ED0F}.Release|Any CPU.ActiveCfg = Release|Any CPU
		{F18303B3-2807-4583-88AA-3FDCF412ED0F}.Release|Any CPU.Build.0 = Release|Any CPU
		{F18303B3-2807-4583-88AA-3FDCF412ED0F}.Release|x64.ActiveCfg = Release|Any CPU
		{F18303B3-2807-4583-88AA-3FDCF412ED0F}.Release|x64.Build.0 = Release|Any CPU
		{F18303B3-2807-4583-88AA-3FDCF412ED0F}.Release|x86.ActiveCfg = Release|Any CPU
		{F18303B3-2807-4583-88AA-3FDCF412ED0F}.Release|x86.Build.0 = Release|Any CPU
		{9D873DC2-8FCE-4652-A090-816039AC0C9B}.Debug|Any CPU.ActiveCfg = Debug|Any CPU
		{9D873DC2-8FCE-4652-A090-816039AC0C9B}.Debug|Any CPU.Build.0 = Debug|Any CPU
		{9D873DC2-8FCE-4652-A090-816039AC0C9B}.Debug|x64.ActiveCfg = Debug|Any CPU
		{9D873DC2-8FCE-4652-A090-816039AC0C9B}.Debug|x64.Build.0 = Debug|Any CPU
		{9D873DC2-8FCE-4652-A090-816039AC0C9B}.Debug|x86.ActiveCfg = Debug|Any CPU
		{9D873DC2-8FCE-4652-A090-816039AC0C9B}.Debug|x86.Build.0 = Debug|Any CPU
		{9D873DC2-8FCE-4652-A090-816039AC0C9B}.Release|Any CPU.ActiveCfg = Release|Any CPU
		{9D873DC2-8FCE-4652-A090-816039AC0C9B}.Release|Any CPU.Build.0 = Release|Any CPU
		{9D873DC2-8FCE-4652-A090-816039AC0C9B}.Release|x64.ActiveCfg = Release|Any CPU
		{9D873DC2-8FCE-4652-A090-816039AC0C9B}.Release|x64.Build.0 = Release|Any CPU
		{9D873DC2-8FCE-4652-A090-816039AC0C9B}.Release|x86.ActiveCfg = Release|Any CPU
		{9D873DC2-8FCE-4652-A090-816039AC0C9B}.Release|x86.Build.0 = Release|Any CPU
		{4C0F5617-E62C-4097-B7AF-4775D966EDF5}.Debug|Any CPU.ActiveCfg = Debug|Any CPU
		{4C0F5617-E62C-4097-B7AF-4775D966EDF5}.Debug|Any CPU.Build.0 = Debug|Any CPU
		{4C0F5617-E62C-4097-B7AF-4775D966EDF5}.Debug|x64.ActiveCfg = Debug|Any CPU
		{4C0F5617-E62C-4097-B7AF-4775D966EDF5}.Debug|x64.Build.0 = Debug|Any CPU
		{4C0F5617-E62C-4097-B7AF-4775D966EDF5}.Debug|x86.ActiveCfg = Debug|Any CPU
		{4C0F5617-E62C-4097-B7AF-4775D966EDF5}.Debug|x86.Build.0 = Debug|Any CPU
		{4C0F5617-E62C-4097-B7AF-4775D966EDF5}.Release|Any CPU.ActiveCfg = Release|Any CPU
		{4C0F5617-E62C-4097-B7AF-4775D966EDF5}.Release|Any CPU.Build.0 = Release|Any CPU
		{4C0F5617-E62C-4097-B7AF-4775D966EDF5}.Release|x64.ActiveCfg = Release|Any CPU
		{4C0F5617-E62C-4097-B7AF-4775D966EDF5}.Release|x64.Build.0 = Release|Any CPU
		{4C0F5617-E62C-4097-B7AF-4775D966EDF5}.Release|x86.ActiveCfg = Release|Any CPU
		{4C0F5617-E62C-4097-B7AF-4775D966EDF5}.Release|x86.Build.0 = Release|Any CPU
		{C5063214-E7AB-4D79-AD50-43D9ACFD6D2A}.Debug|Any CPU.ActiveCfg = Debug|Any CPU
		{C5063214-E7AB-4D79-AD50-43D9ACFD6D2A}.Debug|Any CPU.Build.0 = Debug|Any CPU
		{C5063214-E7AB-4D79-AD50-43D9ACFD6D2A}.Debug|x64.ActiveCfg = Debug|Any CPU
		{C5063214-E7AB-4D79-AD50-43D9ACFD6D2A}.Debug|x64.Build.0 = Debug|Any CPU
		{C5063214-E7AB-4D79-AD50-43D9ACFD6D2A}.Debug|x86.ActiveCfg = Debug|Any CPU
		{C5063214-E7AB-4D79-AD50-43D9ACFD6D2A}.Debug|x86.Build.0 = Debug|Any CPU
		{C5063214-E7AB-4D79-AD50-43D9ACFD6D2A}.Release|Any CPU.ActiveCfg = Release|Any CPU
		{C5063214-E7AB-4D79-AD50-43D9ACFD6D2A}.Release|Any CPU.Build.0 = Release|Any CPU
		{C5063214-E7AB-4D79-AD50-43D9ACFD6D2A}.Release|x64.ActiveCfg = Release|Any CPU
		{C5063214-E7AB-4D79-AD50-43D9ACFD6D2A}.Release|x64.Build.0 = Release|Any CPU
		{C5063214-E7AB-4D79-AD50-43D9ACFD6D2A}.Release|x86.ActiveCfg = Release|Any CPU
		{C5063214-E7AB-4D79-AD50-43D9ACFD6D2A}.Release|x86.Build.0 = Release|Any CPU
	EndGlobalSection
	GlobalSection(SolutionProperties) = preSolution
		HideSolutionNode = FALSE
	EndGlobalSection
	GlobalSection(NestedProjects) = preSolution
		{3553AEC6-F2C9-488A-B2B0-1BB638AC5068} = {827E0CD3-B72D-47B6-A68D-7590B98EB39B}
		{98A160DB-8F90-4ADE-BDB6-1F6A56FBDF0C} = {827E0CD3-B72D-47B6-A68D-7590B98EB39B}
		{9BEB837D-4B3F-4790-9C5C-508FB36B3587} = {827E0CD3-B72D-47B6-A68D-7590B98EB39B}
		{F18303B3-2807-4583-88AA-3FDCF412ED0F} = {827E0CD3-B72D-47B6-A68D-7590B98EB39B}
		{9D873DC2-8FCE-4652-A090-816039AC0C9B} = {0AB3BF05-4346-4AA6-1389-037BE0695223}
		{4C0F5617-E62C-4097-B7AF-4775D966EDF5} = {827E0CD3-B72D-47B6-A68D-7590B98EB39B}
		{C5063214-E7AB-4D79-AD50-43D9ACFD6D2A} = {827E0CD3-B72D-47B6-A68D-7590B98EB39B}
	EndGlobalSection
EndGlobal
